
Microsoft Visual Studio Solution File, Format Version 12.00
# Visual Studio Version 16
VisualStudioVersion = 16.0.30621.155
MinimumVisualStudioVersion = 10.0.40219.1
Project("{FAE04EC0-301F-11D3-BF4B-00C04F79EFBC}") = "MovieSeller", "MovieSeller\MovieSeller.csproj", "{603B6B4D-C90C-4EB2-B61C-0721F72E80CB}"
EndProject
Global
	GlobalSection(SolutionConfigurationPlatforms) = preSolution
		Debug|Any CPU = Debug|Any CPU
		Release|Any CPU = Release|Any CPU
	EndGlobalSection
	GlobalSection(ProjectConfigurationPlatforms) = postSolution
		{603B6B4D-C90C-4EB2-B61C-0721F72E80CB}.Debug|Any CPU.ActiveCfg = Debug|Any CPU
		{603B6B4D-C90C-4EB2-B61C-0721F72E80CB}.Debug|Any CPU.Build.0 = Debug|Any CPU
		{603B6B4D-C90C-4EB2-B61C-0721F72E80CB}.Release|Any CPU.ActiveCfg = Release|Any CPU
		{603B6B4D-C90C-4EB2-B61C-0721F72E80CB}.Release|Any CPU.Build.0 = Release|Any CPU
	EndGlobalSection
	GlobalSection(SolutionProperties) = preSolution
		HideSolutionNode = FALSE
	EndGlobalSection
	GlobalSection(ExtensibilityGlobals) = postSolution
		SolutionGuid = {8A455284-28BE-4FB2-A010-A787B885347D}
	EndGlobalSection
EndGlobal
